{
  "name": "Nexus",
  "version": "0.0.1",
  "lockfileVersion": 1,
  "requires": true,
  "dependencies": {
    "assert-plus": {
      "version": "1.0.0",
      "resolved": "https://registry.npmjs.org/assert-plus/-/assert-plus-1.0.0.tgz",
      "integrity": "sha1-8S4PPF13sLHN2RRpQuTpbB5N1SU="
    },
    "core-util-is": {
      "version": "1.0.2",
      "resolved": "https://registry.npmjs.org/core-util-is/-/core-util-is-1.0.2.tgz",
      "integrity": "sha1-tf1UIgqivFq1eqtxQMlAdUUDwac="
    },
    "data-drift": {
      "version": "1.0.0",
      "resolved": "https://registry.npmjs.org/data-drift/-/data-drift-1.0.0.tgz",
      "integrity": "sha512-SYmEOUvXrMcg8Mx2H+g2wpFVReu3ll/iuH1odXdP1zSPh5ozzGDeEiF5bPezerZRbEHYVJRkkKIRMTsvPxHQ6A==",
      "requires": {
        "linked-list": "1.0.4",
        "promise-defer": "1.0.0",
        "result-js": "3.0.2",
        "rustify-js": "0.1.1",
        "verror": "1.10.0"
      },
      "dependencies": {
        "result-js": {
          "version": "3.0.2",
          "resolved": "https://registry.npmjs.org/result-js/-/result-js-3.0.2.tgz",
          "integrity": "sha512-nirfc2OCN/hF0IDA9cdBXK7wJN0go0MtkUzkeaagmbQU7/3s7f3tQBh4HWgdkbIuLDX8FR5jqDTxgiAoKidEKA=="
        }
      }
    },
    "extsprintf": {
      "version": "1.4.0",
      "resolved": "https://registry.npmjs.org/extsprintf/-/extsprintf-1.4.0.tgz",
      "integrity": "sha1-4mifjzVvrWLMplo6kcXfX5VRaS8="
    },
    "linked-list": {
      "version": "1.0.4",
      "resolved": "https://registry.npmjs.org/linked-list/-/linked-list-1.0.4.tgz",
      "integrity": "sha512-li6CTL6EUxCDWGyq/dQjJeyKSQ7fAXly5qf9RQodBTQEsFRlfLVGEMyph4NhNEi5zWkYhTbqrx1C0RiCPf7c7Q=="
    },
    "promise-defer": {
      "version": "1.0.0",
      "resolved": "https://registry.npmjs.org/promise-defer/-/promise-defer-1.0.0.tgz",
      "integrity": "sha1-JagJPxm6tAxiqORkyX0E/kzcCiQ="
    },
    "result-js": {
      "version": "4.0.2",
      "resolved": "https://registry.npmjs.org/result-js/-/result-js-4.0.2.tgz",
      "integrity": "sha512-qfcsPDgEGD2MRVu4N7vAGLnTug6x6bn0S55zn66YFesVIlFMRKz63FMI7EuZQ4ZG+n0xysVcwOhs67q7l9aKfw=="
    },
    "roption-js": {
      "version": "1.0.0",
      "resolved": "https://registry.npmjs.org/roption-js/-/roption-js-1.0.0.tgz",
      "integrity": "sha512-EIDzs/QfZdSQ7w8PkvTsgdX2LqZ7TfrgRelK4BObYZ2xycTl6w6GHpN+SJBi38OCTYPqBMHq7WRGmoIbMI+s+g=="
    },
    "rustify-js": {
      "version": "0.1.1",
      "resolved": "https://registry.npmjs.org/rustify-js/-/rustify-js-0.1.1.tgz",
      "integrity": "sha512-JeWDXG++UkTkhaSsAZozCGGc4xZN/zQ/yyC8bc6abA5jFVmMSZq0wz8sj327l9HkRAZX8qD7MRkhdg6eR9cxWw==",
      "requires": {
        "result-js": "3.0.2",
        "roption-js": "1.0.0"
      },
      "dependencies": {
        "result-js": {
          "version": "3.0.2",
          "resolved": "https://registry.npmjs.org/result-js/-/result-js-3.0.2.tgz",
          "integrity": "sha512-nirfc2OCN/hF0IDA9cdBXK7wJN0go0MtkUzkeaagmbQU7/3s7f3tQBh4HWgdkbIuLDX8FR5jqDTxgiAoKidEKA=="
        }
      }
    },
    "verror": {
      "version": "1.10.0",
      "resolved": "https://registry.npmjs.org/verror/-/verror-1.10.0.tgz",
      "integrity": "sha1-OhBcoXBTr1XW4nDB+CiGguGNpAA=",
      "requires": {
        "assert-plus": "1.0.0",
        "core-util-is": "1.0.2",
        "extsprintf": "1.4.0"
      }
    }
  }
}
